
Microsoft Visual Studio Solution File, Format Version 12.00
# Visual Studio Version 17
VisualStudioVersion = 17.7.34031.279
MinimumVisualStudioVersion = 10.0.40219.1
Project("{FAE04EC0-301F-11D3-BF4B-00C04F79EFBC}") = "API_Parcial3", "API_Parcial3.csproj", "{55973745-C37E-4B7F-AE12-6D136A6496FD}"
EndProject
Global
	GlobalSection(SolutionConfigurationPlatforms) = preSolution
		Debug|Any CPU = Debug|Any CPU
		Release|Any CPU = Release|Any CPU
	EndGlobalSection
	GlobalSection(ProjectConfigurationPlatforms) = postSolution
		{55973745-C37E-4B7F-AE12-6D136A6496FD}.Debug|Any CPU.ActiveCfg = Debug|Any CPU
		{55973745-C37E-4B7F-AE12-6D136A6496FD}.Debug|Any CPU.Build.0 = Debug|Any CPU
		{55973745-C37E-4B7F-AE12-6D136A6496FD}.Release|Any CPU.ActiveCfg = Release|Any CPU
		{55973745-C37E-4B7F-AE12-6D136A6496FD}.Release|Any CPU.Build.0 = Release|Any CPU
	EndGlobalSection
	GlobalSection(SolutionProperties) = preSolution
		HideSolutionNode = FALSE
	EndGlobalSection
	GlobalSection(ExtensibilityGlobals) = postSolution
		SolutionGuid = {5E9BFAA8-2826-444E-92FA-09AA5D99FED0}
	EndGlobalSection
EndGlobal
